// !$*UTF8*$!
{
	archiveVersion = 1;
	classes = {
	};
	objectVersion = 56;
	objects = {

/* Begin PBXCopyFilesBuildPhase section */
		18CFA5FB2A4FF429003380ED /* CopyFiles */ = {
			isa = PBXCopyFilesBuildPhase;
			buildActionMask = 2147483647;
			dstPath = /usr/share/man/man1/;
			dstSubfolderSpec = 0;
			files = (
			);
			runOnlyForDeploymentPostprocessing = 1;
		};
/* End PBXCopyFilesBuildPhase section */

/* Begin PBXFileReference section */
		1817F5182A6034C7002490B5 /* 11279 최대 힙.cpp */ = {isa = PBXFileReference; lastKnownFileType = sourcecode.cpp.cpp; path = "11279 최대 힙.cpp"; sourceTree = "<group>"; };
		1817F51C2A614EC3002490B5 /* 11720 숫자의 합.cpp */ = {isa = PBXFileReference; lastKnownFileType = sourcecode.cpp.cpp; path = "11720 숫자의 합.cpp"; sourceTree = "<group>"; };
		1898BA722A4FFD630072E342 /* 1743 음식물 피하기(bfs).cpp */ = {isa = PBXFileReference; fileEncoding = 4; lastKnownFileType = sourcecode.cpp.cpp; path = "1743 음식물 피하기(bfs).cpp"; sourceTree = "<group>"; };
		1898BA742A500B070072E342 /* 1926 그림.cpp */ = {isa = PBXFileReference; lastKnownFileType = sourcecode.cpp.cpp; path = "1926 그림.cpp"; sourceTree = "<group>"; };
		18A1488C2A51B4A9003BC1F9 /* 22342 계산 로봇.cpp */ = {isa = PBXFileReference; lastKnownFileType = sourcecode.cpp.cpp; path = "22342 계산 로봇.cpp"; sourceTree = "<group>"; };
		18A148A12A58ED68003BC1F9 /* 15649 N과 M (1).cpp */ = {isa = PBXFileReference; lastKnownFileType = sourcecode.cpp.cpp; path = "15649 N과 M (1).cpp"; sourceTree = "<group>"; };
		18A148A32A58FD00003BC1F9 /* 15650 N과 M (2).cpp */ = {isa = PBXFileReference; lastKnownFileType = sourcecode.cpp.cpp; path = "15650 N과 M (2).cpp"; sourceTree = "<group>"; };
		18A148A62A58FDD6003BC1F9 /* 15651 N과 M (3).cpp */ = {isa = PBXFileReference; lastKnownFileType = sourcecode.cpp.cpp; path = "15651 N과 M (3).cpp"; sourceTree = "<group>"; };
		18A148A82A58FE59003BC1F9 /* 15652 N과 M (4).cpp */ = {isa = PBXFileReference; lastKnownFileType = sourcecode.cpp.cpp; path = "15652 N과 M (4).cpp"; sourceTree = "<group>"; };
		18A148AA2A590CB1003BC1F9 /* 9663 N-Queen.cpp */ = {isa = PBXFileReference; lastKnownFileType = sourcecode.cpp.cpp; path = "9663 N-Queen.cpp"; sourceTree = "<group>"; };
		18A148AE2A59377F003BC1F9 /* 17610 양팔 저울.cpp */ = {isa = PBXFileReference; lastKnownFileType = sourcecode.cpp.cpp; path = "17610 양팔 저울.cpp"; sourceTree = "<group>"; };
		18A148B02A59426E003BC1F9 /* 19942 다이어트.cpp */ = {isa = PBXFileReference; lastKnownFileType = sourcecode.cpp.cpp; path = "19942 다이어트.cpp"; sourceTree = "<group>"; };
		18A148B22A594D4D003BC1F9 /* 1032 명령 프롬프트.cpp */ = {isa = PBXFileReference; lastKnownFileType = sourcecode.cpp.cpp; path = "1032 명령 프롬프트.cpp"; sourceTree = "<group>"; };
		18A148CE2A594D89003BC1F9 /* 1149 RGB거리.cpp */ = {isa = PBXFileReference; lastKnownFileType = sourcecode.cpp.cpp; path = "1149 RGB거리.cpp"; sourceTree = "<group>"; };
		18A148CF2A594DB9003BC1F9 /* 1181 단어정렬.cpp */ = {isa = PBXFileReference; lastKnownFileType = sourcecode.cpp.cpp; path = "1181 단어정렬.cpp"; sourceTree = "<group>"; };
		18A148D02A594DFA003BC1F9 /* 2455 지능형 기차.cpp */ = {isa = PBXFileReference; lastKnownFileType = sourcecode.cpp.cpp; path = "2455 지능형 기차.cpp"; sourceTree = "<group>"; };
		18A148D12A594E24003BC1F9 /* 17608 막대기.cpp */ = {isa = PBXFileReference; lastKnownFileType = sourcecode.cpp.cpp; path = "17608 막대기.cpp"; sourceTree = "<group>"; };
		18A148D22A594E53003BC1F9 /* 17614 369.cpp */ = {isa = PBXFileReference; lastKnownFileType = sourcecode.cpp.cpp; path = "17614 369.cpp"; sourceTree = "<group>"; };
		18A148D32A594E7B003BC1F9 /* 22341 사각형 면적.cpp */ = {isa = PBXFileReference; lastKnownFileType = sourcecode.cpp.cpp; path = "22341 사각형 면적.cpp"; sourceTree = "<group>"; };
		18A148D42A594EAF003BC1F9 /* 13300 방배정.cpp */ = {isa = PBXFileReference; lastKnownFileType = sourcecode.cpp.cpp; path = "13300 방배정.cpp"; sourceTree = "<group>"; };
		18A148D52A594ED4003BC1F9 /* 13304 방배정.cpp */ = {isa = PBXFileReference; lastKnownFileType = sourcecode.cpp.cpp; path = "13304 방배정.cpp"; sourceTree = "<group>"; };
		18A148D62A594EFB003BC1F9 /* 2309 일곱 난쟁이.cpp */ = {isa = PBXFileReference; lastKnownFileType = sourcecode.cpp.cpp; path = "2309 일곱 난쟁이.cpp"; sourceTree = "<group>"; };
		18A148D72A594F1F003BC1F9 /* 21756 지우개.cpp */ = {isa = PBXFileReference; lastKnownFileType = sourcecode.cpp.cpp; path = "21756 지우개.cpp"; sourceTree = "<group>"; };
		18A148D82A5A6A45003BC1F9 /* 4963 섬의 개수.cpp */ = {isa = PBXFileReference; lastKnownFileType = sourcecode.cpp.cpp; path = "4963 섬의 개수.cpp"; sourceTree = "<group>"; };
		18A148DC2A5A8A7B003BC1F9 /* 2468 안전영역.cpp */ = {isa = PBXFileReference; lastKnownFileType = sourcecode.cpp.cpp; path = "2468 안전영역.cpp"; sourceTree = "<group>"; };
		18CFA5FD2A4FF429003380ED /* baekjoonRe */ = {isa = PBXFileReference; explicitFileType = "compiled.mach-o.executable"; includeInIndex = 0; path = baekjoonRe; sourceTree = BUILT_PRODUCTS_DIR; };
		18CFA6072A4FF45B003380ED /* 2589 보물섬.cpp */ = {isa = PBXFileReference; fileEncoding = 4; lastKnownFileType = sourcecode.cpp.cpp; path = "2589 보물섬.cpp"; sourceTree = "<group>"; };
		18CFA6082A4FF45C003380ED /* 1012 유기농 배추.cpp */ = {isa = PBXFileReference; fileEncoding = 4; lastKnownFileType = sourcecode.cpp.cpp; path = "1012 유기농 배추.cpp"; sourceTree = "<group>"; };
		18CFA6092A4FF45C003380ED /* 1260 DFS와 BFS.cpp */ = {isa = PBXFileReference; fileEncoding = 4; lastKnownFileType = sourcecode.cpp.cpp; path = "1260 DFS와 BFS.cpp"; sourceTree = "<group>"; };
		18CFA60A2A4FF45C003380ED /* 10804 카드 역배치.cpp */ = {isa = PBXFileReference; fileEncoding = 4; lastKnownFileType = sourcecode.cpp.cpp; path = "10804 카드 역배치.cpp"; sourceTree = "<group>"; };
		18CFA60B2A4FF45C003380ED /* 2096 내려가기.cpp */ = {isa = PBXFileReference; fileEncoding = 4; lastKnownFileType = sourcecode.cpp.cpp; path = "2096 내려가기.cpp"; sourceTree = "<group>"; };
		18CFA60C2A4FF45D003380ED /* 2644 촌수계산.cpp */ = {isa = PBXFileReference; fileEncoding = 4; lastKnownFileType = sourcecode.cpp.cpp; path = "2644 촌수계산.cpp"; sourceTree = "<group>"; };
		18CFA60D2A4FF45D003380ED /* 1010 다리 놓기.cpp */ = {isa = PBXFileReference; fileEncoding = 4; lastKnownFileType = sourcecode.cpp.cpp; path = "1010 다리 놓기.cpp"; sourceTree = "<group>"; };
		18CFA60E2A4FF45D003380ED /* 11053 가장 긴 증가하는 부분 수열.cpp */ = {isa = PBXFileReference; fileEncoding = 4; lastKnownFileType = sourcecode.cpp.cpp; path = "11053 가장 긴 증가하는 부분 수열.cpp"; sourceTree = "<group>"; };
		18CFA60F2A4FF45D003380ED /* 10713 기차여행.cpp */ = {isa = PBXFileReference; fileEncoding = 4; lastKnownFileType = sourcecode.cpp.cpp; path = "10713 기차여행.cpp"; sourceTree = "<group>"; };
		18CFA6102A4FF45D003380ED /* 2660 회장 뽑기.cpp */ = {isa = PBXFileReference; fileEncoding = 4; lastKnownFileType = sourcecode.cpp.cpp; path = "2660 회장 뽑기.cpp"; sourceTree = "<group>"; };
		18CFA6112A4FF45D003380ED /* 2630 색종이 만들기.cpp */ = {isa = PBXFileReference; fileEncoding = 4; lastKnownFileType = sourcecode.cpp.cpp; path = "2630 색종이 만들기.cpp"; sourceTree = "<group>"; };
		18CFA6122A4FF45E003380ED /* 1325 효율적인 해킹.cpp */ = {isa = PBXFileReference; fileEncoding = 4; lastKnownFileType = sourcecode.cpp.cpp; path = "1325 효율적인 해킹.cpp"; sourceTree = "<group>"; };
		18CFA6132A4FF45E003380ED /* 9465 스티커.cpp */ = {isa = PBXFileReference; fileEncoding = 4; lastKnownFileType = sourcecode.cpp.cpp; path = "9465 스티커.cpp"; sourceTree = "<group>"; };
		18CFA6142A4FF45E003380ED /* 11722 가장 긴 감소하는 부분 수열.cpp */ = {isa = PBXFileReference; fileEncoding = 4; lastKnownFileType = sourcecode.cpp.cpp; path = "11722 가장 긴 감소하는 부분 수열.cpp"; sourceTree = "<group>"; };
		18CFA6152A4FF45E003380ED /* 11724 연결요소의 개수.cpp */ = {isa = PBXFileReference; fileEncoding = 4; lastKnownFileType = sourcecode.cpp.cpp; path = "11724 연결요소의 개수.cpp"; sourceTree = "<group>"; };
		18CFA6162A4FF45E003380ED /* 2178 미로 탐색.cpp */ = {isa = PBXFileReference; fileEncoding = 4; lastKnownFileType = sourcecode.cpp.cpp; path = "2178 미로 탐색.cpp"; sourceTree = "<group>"; };
		18CFA6272A4FF4BB003380ED /* 1743 음식물 피하기(dfs).cpp */ = {isa = PBXFileReference; lastKnownFileType = sourcecode.cpp.cpp; path = "1743 음식물 피하기(dfs).cpp"; sourceTree = "<group>"; };
/* End PBXFileReference section */

/* Begin PBXFrameworksBuildPhase section */
		18CFA5FA2A4FF429003380ED /* Frameworks */ = {
			isa = PBXFrameworksBuildPhase;
			buildActionMask = 2147483647;
			files = (
			);
			runOnlyForDeploymentPostprocessing = 0;
		};
/* End PBXFrameworksBuildPhase section */

/* Begin PBXGroup section */
		18CFA5F42A4FF428003380ED = {
			isa = PBXGroup;
			children = (
				18CFA5FF2A4FF429003380ED /* baekjoonRe */,
				18CFA5FE2A4FF429003380ED /* Products */,
			);
			sourceTree = "<group>";
		};
		18CFA5FE2A4FF429003380ED /* Products */ = {
			isa = PBXGroup;
			children = (
				18CFA5FD2A4FF429003380ED /* baekjoonRe */,
			);
			name = Products;
			sourceTree = "<group>";
		};
		18CFA5FF2A4FF429003380ED /* baekjoonRe */ = {
			isa = PBXGroup;
			children = (
				18CFA60D2A4FF45D003380ED /* 1010 다리 놓기.cpp */,
				18CFA6082A4FF45C003380ED /* 1012 유기농 배추.cpp */,
				18CFA6092A4FF45C003380ED /* 1260 DFS와 BFS.cpp */,
				18CFA6122A4FF45E003380ED /* 1325 효율적인 해킹.cpp */,
				18CFA60B2A4FF45C003380ED /* 2096 내려가기.cpp */,
				18CFA6162A4FF45E003380ED /* 2178 미로 탐색.cpp */,
				18CFA6072A4FF45B003380ED /* 2589 보물섬.cpp */,
				18CFA6112A4FF45D003380ED /* 2630 색종이 만들기.cpp */,
				18CFA60C2A4FF45D003380ED /* 2644 촌수계산.cpp */,
				18CFA6102A4FF45D003380ED /* 2660 회장 뽑기.cpp */,
				18CFA6132A4FF45E003380ED /* 9465 스티커.cpp */,
				18CFA60F2A4FF45D003380ED /* 10713 기차여행.cpp */,
				18CFA60A2A4FF45C003380ED /* 10804 카드 역배치.cpp */,
				18CFA60E2A4FF45D003380ED /* 11053 가장 긴 증가하는 부분 수열.cpp */,
				18CFA6142A4FF45E003380ED /* 11722 가장 긴 감소하는 부분 수열.cpp */,
				18CFA6152A4FF45E003380ED /* 11724 연결요소의 개수.cpp */,
				18CFA6272A4FF4BB003380ED /* 1743 음식물 피하기(dfs).cpp */,
				1898BA722A4FFD630072E342 /* 1743 음식물 피하기(bfs).cpp */,
				1898BA742A500B070072E342 /* 1926 그림.cpp */,
				18A1488C2A51B4A9003BC1F9 /* 22342 계산 로봇.cpp */,
				18A148A12A58ED68003BC1F9 /* 15649 N과 M (1).cpp */,
				18A148A32A58FD00003BC1F9 /* 15650 N과 M (2).cpp */,
				18A148A62A58FDD6003BC1F9 /* 15651 N과 M (3).cpp */,
				18A148A82A58FE59003BC1F9 /* 15652 N과 M (4).cpp */,
				18A148AA2A590CB1003BC1F9 /* 9663 N-Queen.cpp */,
				18A148AE2A59377F003BC1F9 /* 17610 양팔 저울.cpp */,
				18A148B02A59426E003BC1F9 /* 19942 다이어트.cpp */,
				18A148B22A594D4D003BC1F9 /* 1032 명령 프롬프트.cpp */,
				18A148CE2A594D89003BC1F9 /* 1149 RGB거리.cpp */,
				18A148CF2A594DB9003BC1F9 /* 1181 단어정렬.cpp */,
				18A148D02A594DFA003BC1F9 /* 2455 지능형 기차.cpp */,
				18A148D12A594E24003BC1F9 /* 17608 막대기.cpp */,
				18A148D22A594E53003BC1F9 /* 17614 369.cpp */,
				18A148D32A594E7B003BC1F9 /* 22341 사각형 면적.cpp */,
				18A148D42A594EAF003BC1F9 /* 13300 방배정.cpp */,
				18A148D52A594ED4003BC1F9 /* 13304 방배정.cpp */,
				18A148D62A594EFB003BC1F9 /* 2309 일곱 난쟁이.cpp */,
				18A148D72A594F1F003BC1F9 /* 21756 지우개.cpp */,
				18A148D82A5A6A45003BC1F9 /* 4963 섬의 개수.cpp */,
				18A148DC2A5A8A7B003BC1F9 /* 2468 안전영역.cpp */,
				1817F5182A6034C7002490B5 /* 11279 최대 힙.cpp */,
				1817F51C2A614EC3002490B5 /* 11720 숫자의 합.cpp */,
			);
			path = baekjoonRe;
			sourceTree = "<group>";
		};
/* End PBXGroup section */

/* Begin PBXNativeTarget section */
		18CFA5FC2A4FF429003380ED /* baekjoonRe */ = {
			isa = PBXNativeTarget;
			buildConfigurationList = 18CFA6042A4FF429003380ED /* Build configuration list for PBXNativeTarget "baekjoonRe" */;
			buildPhases = (
				18CFA5F92A4FF429003380ED /* Sources */,
				18CFA5FA2A4FF429003380ED /* Frameworks */,
				18CFA5FB2A4FF429003380ED /* CopyFiles */,
			);
			buildRules = (
			);
			dependencies = (
			);
			name = baekjoonRe;
			productName = baekjoonRe;
			productReference = 18CFA5FD2A4FF429003380ED /* baekjoonRe */;
			productType = "com.apple.product-type.tool";
		};
/* End PBXNativeTarget section */

/* Begin PBXProject section */
		18CFA5F52A4FF428003380ED /* Project object */ = {
			isa = PBXProject;
			attributes = {
				BuildIndependentTargetsInParallel = 1;
				LastUpgradeCheck = 1430;
				TargetAttributes = {
					18CFA5FC2A4FF429003380ED = {
						CreatedOnToolsVersion = 14.3.1;
					};
				};
			};
			buildConfigurationList = 18CFA5F82A4FF428003380ED /* Build configuration list for PBXProject "baekjoonRe" */;
			compatibilityVersion = "Xcode 14.0";
			developmentRegion = en;
			hasScannedForEncodings = 0;
			knownRegions = (
				en,
				Base,
			);
			mainGroup = 18CFA5F42A4FF428003380ED;
			productRefGroup = 18CFA5FE2A4FF429003380ED /* Products */;
			projectDirPath = "";
			projectRoot = "";
			targets = (
				18CFA5FC2A4FF429003380ED /* baekjoonRe */,
			);
		};
/* End PBXProject section */

/* Begin PBXSourcesBuildPhase section */
		18CFA5F92A4FF429003380ED /* Sources */ = {
			isa = PBXSourcesBuildPhase;
			buildActionMask = 2147483647;
			files = (
			);
			runOnlyForDeploymentPostprocessing = 0;
		};
/* End PBXSourcesBuildPhase section */

/* Begin XCBuildConfiguration section */
		18CFA6022A4FF429003380ED /* Debug */ = {
			isa = XCBuildConfiguration;
			buildSettings = {
				ALWAYS_SEARCH_USER_PATHS = NO;
				CLANG_ANALYZER_NONNULL = YES;
				CLANG_ANALYZER_NUMBER_OBJECT_CONVERSION = YES_AGGRESSIVE;
				CLANG_CXX_LANGUAGE_STANDARD = "gnu++20";
				CLANG_ENABLE_MODULES = YES;
				CLANG_ENABLE_OBJC_ARC = YES;
				CLANG_ENABLE_OBJC_WEAK = YES;
				CLANG_WARN_BLOCK_CAPTURE_AUTORELEASING = YES;
				CLANG_WARN_BOOL_CONVERSION = YES;
				CLANG_WARN_COMMA = YES;
				CLANG_WARN_CONSTANT_CONVERSION = YES;
				CLANG_WARN_DEPRECATED_OBJC_IMPLEMENTATIONS = YES;
				CLANG_WARN_DIRECT_OBJC_ISA_USAGE = YES_ERROR;
				CLANG_WARN_DOCUMENTATION_COMMENTS = YES;
				CLANG_WARN_EMPTY_BODY = YES;
				CLANG_WARN_ENUM_CONVERSION = YES;
				CLANG_WARN_INFINITE_RECURSION = YES;
				CLANG_WARN_INT_CONVERSION = YES;
				CLANG_WARN_NON_LITERAL_NULL_CONVERSION = YES;
				CLANG_WARN_OBJC_IMPLICIT_RETAIN_SELF = YES;
				CLANG_WARN_OBJC_LITERAL_CONVERSION = YES;
				CLANG_WARN_OBJC_ROOT_CLASS = YES_ERROR;
				CLANG_WARN_QUOTED_INCLUDE_IN_FRAMEWORK_HEADER = YES;
				CLANG_WARN_RANGE_LOOP_ANALYSIS = YES;
				CLANG_WARN_STRICT_PROTOTYPES = YES;
				CLANG_WARN_SUSPICIOUS_MOVE = YES;
				CLANG_WARN_UNGUARDED_AVAILABILITY = YES_AGGRESSIVE;
				CLANG_WARN_UNREACHABLE_CODE = YES;
				CLANG_WARN__DUPLICATE_METHOD_MATCH = YES;
				COPY_PHASE_STRIP = NO;
				DEBUG_INFORMATION_FORMAT = dwarf;
				ENABLE_STRICT_OBJC_MSGSEND = YES;
				ENABLE_TESTABILITY = YES;
				GCC_C_LANGUAGE_STANDARD = gnu11;
				GCC_DYNAMIC_NO_PIC = NO;
				GCC_NO_COMMON_BLOCKS = YES;
				GCC_OPTIMIZATION_LEVEL = 0;
				GCC_PREPROCESSOR_DEFINITIONS = (
					"DEBUG=1",
					"$(inherited)",
				);
				GCC_WARN_64_TO_32_BIT_CONVERSION = YES;
				GCC_WARN_ABOUT_RETURN_TYPE = YES_ERROR;
				GCC_WARN_UNDECLARED_SELECTOR = YES;
				GCC_WARN_UNINITIALIZED_AUTOS = YES_AGGRESSIVE;
				GCC_WARN_UNUSED_FUNCTION = YES;
				GCC_WARN_UNUSED_VARIABLE = YES;
				MACOSX_DEPLOYMENT_TARGET = 13.3;
				MTL_ENABLE_DEBUG_INFO = INCLUDE_SOURCE;
				MTL_FAST_MATH = YES;
				ONLY_ACTIVE_ARCH = YES;
				SDKROOT = macosx;
			};
			name = Debug;
		};
		18CFA6032A4FF429003380ED /* Release */ = {
			isa = XCBuildConfiguration;
			buildSettings = {
				ALWAYS_SEARCH_USER_PATHS = NO;
				CLANG_ANALYZER_NONNULL = YES;
				CLANG_ANALYZER_NUMBER_OBJECT_CONVERSION = YES_AGGRESSIVE;
				CLANG_CXX_LANGUAGE_STANDARD = "gnu++20";
				CLANG_ENABLE_MODULES = YES;
				CLANG_ENABLE_OBJC_ARC = YES;
				CLANG_ENABLE_OBJC_WEAK = YES;
				CLANG_WARN_BLOCK_CAPTURE_AUTORELEASING = YES;
				CLANG_WARN_BOOL_CONVERSION = YES;
				CLANG_WARN_COMMA = YES;
				CLANG_WARN_CONSTANT_CONVERSION = YES;
				CLANG_WARN_DEPRECATED_OBJC_IMPLEMENTATIONS = YES;
				CLANG_WARN_DIRECT_OBJC_ISA_USAGE = YES_ERROR;
				CLANG_WARN_DOCUMENTATION_COMMENTS = YES;
				CLANG_WARN_EMPTY_BODY = YES;
				CLANG_WARN_ENUM_CONVERSION = YES;
				CLANG_WARN_INFINITE_RECURSION = YES;
				CLANG_WARN_INT_CONVERSION = YES;
				CLANG_WARN_NON_LITERAL_NULL_CONVERSION = YES;
				CLANG_WARN_OBJC_IMPLICIT_RETAIN_SELF = YES;
				CLANG_WARN_OBJC_LITERAL_CONVERSION = YES;
				CLANG_WARN_OBJC_ROOT_CLASS = YES_ERROR;
				CLANG_WARN_QUOTED_INCLUDE_IN_FRAMEWORK_HEADER = YES;
				CLANG_WARN_RANGE_LOOP_ANALYSIS = YES;
				CLANG_WARN_STRICT_PROTOTYPES = YES;
				CLANG_WARN_SUSPICIOUS_MOVE = YES;
				CLANG_WARN_UNGUARDED_AVAILABILITY = YES_AGGRESSIVE;
				CLANG_WARN_UNREACHABLE_CODE = YES;
				CLANG_WARN__DUPLICATE_METHOD_MATCH = YES;
				COPY_PHASE_STRIP = NO;
				DEBUG_INFORMATION_FORMAT = "dwarf-with-dsym";
				ENABLE_NS_ASSERTIONS = NO;
				ENABLE_STRICT_OBJC_MSGSEND = YES;
				GCC_C_LANGUAGE_STANDARD = gnu11;
				GCC_NO_COMMON_BLOCKS = YES;
				GCC_WARN_64_TO_32_BIT_CONVERSION = YES;
				GCC_WARN_ABOUT_RETURN_TYPE = YES_ERROR;
				GCC_WARN_UNDECLARED_SELECTOR = YES;
				GCC_WARN_UNINITIALIZED_AUTOS = YES_AGGRESSIVE;
				GCC_WARN_UNUSED_FUNCTION = YES;
				GCC_WARN_UNUSED_VARIABLE = YES;
				MACOSX_DEPLOYMENT_TARGET = 13.3;
				MTL_ENABLE_DEBUG_INFO = NO;
				MTL_FAST_MATH = YES;
				SDKROOT = macosx;
			};
			name = Release;
		};
		18CFA6052A4FF429003380ED /* Debug */ = {
			isa = XCBuildConfiguration;
			buildSettings = {
				CODE_SIGN_STYLE = Automatic;
				DEVELOPMENT_TEAM = J26JWTZHN7;
				ENABLE_HARDENED_RUNTIME = YES;
				PRODUCT_NAME = "$(TARGET_NAME)";
			};
			name = Debug;
		};
		18CFA6062A4FF429003380ED /* Release */ = {
			isa = XCBuildConfiguration;
			buildSettings = {
				CODE_SIGN_STYLE = Automatic;
				DEVELOPMENT_TEAM = J26JWTZHN7;
				ENABLE_HARDENED_RUNTIME = YES;
				PRODUCT_NAME = "$(TARGET_NAME)";
			};
			name = Release;
		};
/* End XCBuildConfiguration section */

/* Begin XCConfigurationList section */
		18CFA5F82A4FF428003380ED /* Build configuration list for PBXProject "baekjoonRe" */ = {
			isa = XCConfigurationList;
			buildConfigurations = (
				18CFA6022A4FF429003380ED /* Debug */,
				18CFA6032A4FF429003380ED /* Release */,
			);
			defaultConfigurationIsVisible = 0;
			defaultConfigurationName = Release;
		};
		18CFA6042A4FF429003380ED /* Build configuration list for PBXNativeTarget "baekjoonRe" */ = {
			isa = XCConfigurationList;
			buildConfigurations = (
				18CFA6052A4FF429003380ED /* Debug */,
				18CFA6062A4FF429003380ED /* Release */,
			);
			defaultConfigurationIsVisible = 0;
			defaultConfigurationName = Release;
		};
/* End XCConfigurationList section */
	};
	rootObject = 18CFA5F52A4FF428003380ED /* Project object */;
}
